
Microsoft Visual Studio Solution File, Format Version 12.00
# Visual Studio Version 17
VisualStudioVersion = 17.11.35222.181
MinimumVisualStudioVersion = 10.0.40219.1
Project("{FAE04EC0-301F-11D3-BF4B-00C04F79EFBC}") = "InventoryAssetTracker", "InventoryAssetTracker\InventoryAssetTracker.csproj", "{BE612727-1A64-4F2B-AF10-5736CF3718DD}"
EndProject
Global
	GlobalSection(SolutionConfigurationPlatforms) = preSolution
		Debug|Any CPU = Debug|Any CPU
		Release|Any CPU = Release|Any CPU
	EndGlobalSection
	GlobalSection(ProjectConfigurationPlatforms) = postSolution
		{BE612727-1A64-4F2B-AF10-5736CF3718DD}.Debug|Any CPU.ActiveCfg = Debug|Any CPU
		{BE612727-1A64-4F2B-AF10-5736CF3718DD}.Debug|Any CPU.Build.0 = Debug|Any CPU
		{BE612727-1A64-4F2B-AF10-5736CF3718DD}.Release|Any CPU.ActiveCfg = Release|Any CPU
		{BE612727-1A64-4F2B-AF10-5736CF3718DD}.Release|Any CPU.Build.0 = Release|Any CPU
	EndGlobalSection
	GlobalSection(SolutionProperties) = preSolution
		HideSolutionNode = FALSE
	EndGlobalSection
	GlobalSection(ExtensibilityGlobals) = postSolution
		SolutionGuid = {C40645D1-7D70-4822-A4F9-7EF6EAF19256}
	EndGlobalSection
EndGlobal
